// !$*UTF8*$!
{
	archiveVersion = 1;
	classes = {
	};
	objectVersion = 46;
	objects = {

/* Begin PBXBuildFile section */
		1D60589F0D05DD5A006BFB54 /* Foundation.framework in Frameworks */ = {isa = PBXBuildFile; fileRef = 1D30AB110D05D00D00671497 /* Foundation.framework */; };
		1DF5F4E00D08C38300B7A737 /* UIKit.framework in Frameworks */ = {isa = PBXBuildFile; fileRef = 1DF5F4DF0D08C38300B7A737 /* UIKit.framework */; };
		28FD15000DC6FC520079059D /* OpenGLES.framework in Frameworks */ = {isa = PBXBuildFile; fileRef = 28FD14FF0DC6FC520079059D /* OpenGLES.framework */; };
		28FD15080DC6FC5B0079059D /* QuartzCore.framework in Frameworks */ = {isa = PBXBuildFile; fileRef = 28FD15070DC6FC5B0079059D /* QuartzCore.framework */; };
		7A923FF01C1039690030293E /* Default-568h@2x.png in Resources */ = {isa = PBXBuildFile; fileRef = 7A923FEF1C1039690030293E /* Default-568h@2x.png */; };
		7A923FF31C1049AA0030293E /* libHXNetworking-arm.a in Frameworks */ = {isa = PBXBuildFile; fileRef = 7A923FF21C1049AA0030293E /* libHXNetworking-arm.a */; };
		7A923FF51C1049F30030293E /* HaskelliOS.xcconfig in Resources */ = {isa = PBXBuildFile; fileRef = 7A923FF41C1049F30030293E /* HaskelliOS.xcconfig */; };
		7A923FF81C11E0F10030293E /* libHXNetworking-i386.a in Frameworks */ = {isa = PBXBuildFile; fileRef = 7A923FF71C11E0F10030293E /* libHXNetworking-i386.a */; };
		7AC9503E1BF4A4EA002EA7EB /* doxyfile in Resources */ = {isa = PBXBuildFile; fileRef = 7AC94FF21BF4A4EA002EA7EB /* doxyfile */; };
		7AC9503F1BF4A4EA002EA7EB /* SDL_config.h.cmake in Resources */ = {isa = PBXBuildFile; fileRef = 7AC950031BF4A4EA002EA7EB /* SDL_config.h.cmake */; };
		7AC950401BF4A4EA002EA7EB /* SDL_config.h.in in Resources */ = {isa = PBXBuildFile; fileRef = 7AC950041BF4A4EA002EA7EB /* SDL_config.h.in */; };
		7AEC199C1C10371A002CE4FB /* libSDL2-aarch64.a in Frameworks */ = {isa = PBXBuildFile; fileRef = 7AEC19991C10371A002CE4FB /* libSDL2-aarch64.a */; };
		7AEC199D1C10371A002CE4FB /* libSDL2-arm.a in Frameworks */ = {isa = PBXBuildFile; fileRef = 7AEC199A1C10371A002CE4FB /* libSDL2-arm.a */; };
		7AEC199E1C10371A002CE4FB /* libSDL2-i386.a in Frameworks */ = {isa = PBXBuildFile; fileRef = 7AEC199B1C10371A002CE4FB /* libSDL2-i386.a */; };
		FD779EDE0E26BA1200F39101 /* CoreAudio.framework in Frameworks */ = {isa = PBXBuildFile; fileRef = FD779EDD0E26BA1200F39101 /* CoreAudio.framework */; };
		FD77A07D0E26BD8C00F39101 /* Icon.png in Resources */ = {isa = PBXBuildFile; fileRef = FD77A07C0E26BD8C00F39101 /* Icon.png */; };
		FD77A07F0E26BDA900F39101 /* Default.png in Resources */ = {isa = PBXBuildFile; fileRef = FD77A07E0E26BDA900F39101 /* Default.png */; };
		FD77A0850E26BDB800F39101 /* AudioToolbox.framework in Frameworks */ = {isa = PBXBuildFile; fileRef = FD77A0840E26BDB800F39101 /* AudioToolbox.framework */; };
		FD77A09D0E26BDE500F39101 /* main.c in Sources */ = {isa = PBXBuildFile; fileRef = FD77A09C0E26BDE500F39101 /* main.c */; };
		FDB8BFC60E5A0F6A00980157 /* CoreGraphics.framework in Frameworks */ = {isa = PBXBuildFile; fileRef = FDB8BFC50E5A0F6A00980157 /* CoreGraphics.framework */; };
/* End PBXBuildFile section */

/* Begin PBXFileReference section */
		1D30AB110D05D00D00671497 /* Foundation.framework */ = {isa = PBXFileReference; lastKnownFileType = wrapper.framework; name = Foundation.framework; path = System/Library/Frameworks/Foundation.framework; sourceTree = SDKROOT; };
		1D6058910D05DD3D006BFB54 /* ___PROJECTNAME___.app */ = {isa = PBXFileReference; explicitFileType = wrapper.application; includeInIndex = 0; path = "___PROJECTNAME___.app"; sourceTree = BUILT_PRODUCTS_DIR; };
		1DF5F4DF0D08C38300B7A737 /* UIKit.framework */ = {isa = PBXFileReference; lastKnownFileType = wrapper.framework; name = UIKit.framework; path = System/Library/Frameworks/UIKit.framework; sourceTree = SDKROOT; };
		28FD14FF0DC6FC520079059D /* OpenGLES.framework */ = {isa = PBXFileReference; lastKnownFileType = wrapper.framework; name = OpenGLES.framework; path = System/Library/Frameworks/OpenGLES.framework; sourceTree = SDKROOT; };
		28FD15070DC6FC5B0079059D /* QuartzCore.framework */ = {isa = PBXFileReference; lastKnownFileType = wrapper.framework; name = QuartzCore.framework; path = System/Library/Frameworks/QuartzCore.framework; sourceTree = SDKROOT; };
		7A923FEF1C1039690030293E /* Default-568h@2x.png */ = {isa = PBXFileReference; lastKnownFileType = image.png; path = "Default-568h@2x.png"; sourceTree = "<group>"; };
		7A923FF21C1049AA0030293E /* libHXNetworking-arm.a */ = {isa = PBXFileReference; lastKnownFileType = archive.ar; name = "libHXNetworking-arm.a"; path = "arm/libHXNetworking-arm.a"; sourceTree = "<group>"; };
		7A923FF41C1049F30030293E /* HaskelliOS.xcconfig */ = {isa = PBXFileReference; fileEncoding = 4; lastKnownFileType = text.xcconfig; path = HaskelliOS.xcconfig; sourceTree = "<group>"; };
		7A923FF71C11E0F10030293E /* libHXNetworking-i386.a */ = {isa = PBXFileReference; lastKnownFileType = archive.ar; name = "libHXNetworking-i386.a"; path = "i386/libHXNetworking-i386.a"; sourceTree = "<group>"; };
		7A923FF91C159ABF0030293E /* Main_stub.h */ = {isa = PBXFileReference; fileEncoding = 4; lastKnownFileType = sourcecode.c.h; path = Main_stub.h; sourceTree = "<group>"; };
		7AC94F9F1BF4A478002EA7EB /* begin_code.h */ = {isa = PBXFileReference; fileEncoding = 4; lastKnownFileType = sourcecode.c.h; path = begin_code.h; sourceTree = "<group>"; };
		7AC94FA01BF4A478002EA7EB /* close_code.h */ = {isa = PBXFileReference; fileEncoding = 4; lastKnownFileType = sourcecode.c.h; path = close_code.h; sourceTree = "<group>"; };
		7AC94FA11BF4A478002EA7EB /* doxyfile */ = {isa = PBXFileReference; fileEncoding = 4; lastKnownFileType = text; path = doxyfile; sourceTree = "<group>"; };
		7AC94FA21BF4A478002EA7EB /* SDL_assert.h */ = {isa = PBXFileReference; fileEncoding = 4; lastKnownFileType = sourcecode.c.h; path = SDL_assert.h; sourceTree = "<group>"; };
		7AC94FA31BF4A478002EA7EB /* SDL_atomic.h */ = {isa = PBXFileReference; fileEncoding = 4; lastKnownFileType = sourcecode.c.h; path = SDL_atomic.h; sourceTree = "<group>"; };
		7AC94FA41BF4A478002EA7EB /* SDL_audio.h */ = {isa = PBXFileReference; fileEncoding = 4; lastKnownFileType = sourcecode.c.h; path = SDL_audio.h; sourceTree = "<group>"; };
		7AC94FA51BF4A478002EA7EB /* SDL_bits.h */ = {isa = PBXFileReference; fileEncoding = 4; lastKnownFileType = sourcecode.c.h; path = SDL_bits.h; sourceTree = "<group>"; };
		7AC94FA61BF4A478002EA7EB /* SDL_blendmode.h */ = {isa = PBXFileReference; fileEncoding = 4; lastKnownFileType = sourcecode.c.h; path = SDL_blendmode.h; sourceTree = "<group>"; };
		7AC94FA71BF4A478002EA7EB /* SDL_clipboard.h */ = {isa = PBXFileReference; fileEncoding = 4; lastKnownFileType = sourcecode.c.h; path = SDL_clipboard.h; sourceTree = "<group>"; };
		7AC94FA81BF4A478002EA7EB /* SDL_config_android.h */ = {isa = PBXFileReference; fileEncoding = 4; lastKnownFileType = sourcecode.c.h; path = SDL_config_android.h; sourceTree = "<group>"; };
		7AC94FA91BF4A478002EA7EB /* SDL_config_iphoneos.h */ = {isa = PBXFileReference; fileEncoding = 4; lastKnownFileType = sourcecode.c.h; path = SDL_config_iphoneos.h; sourceTree = "<group>"; };
		7AC94FAA1BF4A478002EA7EB /* SDL_config_macosx.h */ = {isa = PBXFileReference; fileEncoding = 4; lastKnownFileType = sourcecode.c.h; path = SDL_config_macosx.h; sourceTree = "<group>"; };
		7AC94FAB1BF4A478002EA7EB /* SDL_config_minimal.h */ = {isa = PBXFileReference; fileEncoding = 4; lastKnownFileType = sourcecode.c.h; path = SDL_config_minimal.h; sourceTree = "<group>"; };
		7AC94FAC1BF4A478002EA7EB /* SDL_config_pandora.h */ = {isa = PBXFileReference; fileEncoding = 4; lastKnownFileType = sourcecode.c.h; path = SDL_config_pandora.h; sourceTree = "<group>"; };
		7AC94FAD1BF4A478002EA7EB /* SDL_config_psp.h */ = {isa = PBXFileReference; fileEncoding = 4; lastKnownFileType = sourcecode.c.h; path = SDL_config_psp.h; sourceTree = "<group>"; };
		7AC94FAE1BF4A478002EA7EB /* SDL_config_windows.h */ = {isa = PBXFileReference; fileEncoding = 4; lastKnownFileType = sourcecode.c.h; path = SDL_config_windows.h; sourceTree = "<group>"; };
		7AC94FAF1BF4A478002EA7EB /* SDL_config_winrt.h */ = {isa = PBXFileReference; fileEncoding = 4; lastKnownFileType = sourcecode.c.h; path = SDL_config_winrt.h; sourceTree = "<group>"; };
		7AC94FB01BF4A478002EA7EB /* SDL_config_wiz.h */ = {isa = PBXFileReference; fileEncoding = 4; lastKnownFileType = sourcecode.c.h; path = SDL_config_wiz.h; sourceTree = "<group>"; };
		7AC94FB11BF4A478002EA7EB /* SDL_config.h */ = {isa = PBXFileReference; fileEncoding = 4; lastKnownFileType = sourcecode.c.h; path = SDL_config.h; sourceTree = "<group>"; };
		7AC94FB21BF4A478002EA7EB /* SDL_config.h.cmake */ = {isa = PBXFileReference; fileEncoding = 4; lastKnownFileType = text; path = SDL_config.h.cmake; sourceTree = "<group>"; };
		7AC94FB31BF4A478002EA7EB /* SDL_config.h.in */ = {isa = PBXFileReference; fileEncoding = 4; lastKnownFileType = text; path = SDL_config.h.in; sourceTree = "<group>"; };
		7AC94FB41BF4A478002EA7EB /* SDL_copying.h */ = {isa = PBXFileReference; fileEncoding = 4; lastKnownFileType = sourcecode.c.h; path = SDL_copying.h; sourceTree = "<group>"; };
		7AC94FB51BF4A478002EA7EB /* SDL_cpuinfo.h */ = {isa = PBXFileReference; fileEncoding = 4; lastKnownFileType = sourcecode.c.h; path = SDL_cpuinfo.h; sourceTree = "<group>"; };
		7AC94FB61BF4A478002EA7EB /* SDL_egl.h */ = {isa = PBXFileReference; fileEncoding = 4; lastKnownFileType = sourcecode.c.h; path = SDL_egl.h; sourceTree = "<group>"; };
		7AC94FB71BF4A478002EA7EB /* SDL_endian.h */ = {isa = PBXFileReference; fileEncoding = 4; lastKnownFileType = sourcecode.c.h; path = SDL_endian.h; sourceTree = "<group>"; };
		7AC94FB81BF4A478002EA7EB /* SDL_error.h */ = {isa = PBXFileReference; fileEncoding = 4; lastKnownFileType = sourcecode.c.h; path = SDL_error.h; sourceTree = "<group>"; };
		7AC94FB91BF4A478002EA7EB /* SDL_events.h */ = {isa = PBXFileReference; fileEncoding = 4; lastKnownFileType = sourcecode.c.h; path = SDL_events.h; sourceTree = "<group>"; };
		7AC94FBA1BF4A478002EA7EB /* SDL_filesystem.h */ = {isa = PBXFileReference; fileEncoding = 4; lastKnownFileType = sourcecode.c.h; path = SDL_filesystem.h; sourceTree = "<group>"; };
		7AC94FBB1BF4A478002EA7EB /* SDL_gamecontroller.h */ = {isa = PBXFileReference; fileEncoding = 4; lastKnownFileType = sourcecode.c.h; path = SDL_gamecontroller.h; sourceTree = "<group>"; };
		7AC94FBC1BF4A478002EA7EB /* SDL_gesture.h */ = {isa = PBXFileReference; fileEncoding = 4; lastKnownFileType = sourcecode.c.h; path = SDL_gesture.h; sourceTree = "<group>"; };
		7AC94FBD1BF4A478002EA7EB /* SDL_haptic.h */ = {isa = PBXFileReference; fileEncoding = 4; lastKnownFileType = sourcecode.c.h; path = SDL_haptic.h; sourceTree = "<group>"; };
		7AC94FBE1BF4A478002EA7EB /* SDL_hints.h */ = {isa = PBXFileReference; fileEncoding = 4; lastKnownFileType = sourcecode.c.h; path = SDL_hints.h; sourceTree = "<group>"; };
		7AC94FBF1BF4A478002EA7EB /* SDL_joystick.h */ = {isa = PBXFileReference; fileEncoding = 4; lastKnownFileType = sourcecode.c.h; path = SDL_joystick.h; sourceTree = "<group>"; };
		7AC94FC01BF4A478002EA7EB /* SDL_keyboard.h */ = {isa = PBXFileReference; fileEncoding = 4; lastKnownFileType = sourcecode.c.h; path = SDL_keyboard.h; sourceTree = "<group>"; };
		7AC94FC11BF4A478002EA7EB /* SDL_keycode.h */ = {isa = PBXFileReference; fileEncoding = 4; lastKnownFileType = sourcecode.c.h; path = SDL_keycode.h; sourceTree = "<group>"; };
		7AC94FC21BF4A478002EA7EB /* SDL_loadso.h */ = {isa = PBXFileReference; fileEncoding = 4; lastKnownFileType = sourcecode.c.h; path = SDL_loadso.h; sourceTree = "<group>"; };
		7AC94FC31BF4A478002EA7EB /* SDL_log.h */ = {isa = PBXFileReference; fileEncoding = 4; lastKnownFileType = sourcecode.c.h; path = SDL_log.h; sourceTree = "<group>"; };
		7AC94FC41BF4A478002EA7EB /* SDL_main.h */ = {isa = PBXFileReference; fileEncoding = 4; lastKnownFileType = sourcecode.c.h; path = SDL_main.h; sourceTree = "<group>"; };
		7AC94FC51BF4A478002EA7EB /* SDL_messagebox.h */ = {isa = PBXFileReference; fileEncoding = 4; lastKnownFileType = sourcecode.c.h; path = SDL_messagebox.h; sourceTree = "<group>"; };
		7AC94FC61BF4A478002EA7EB /* SDL_mouse.h */ = {isa = PBXFileReference; fileEncoding = 4; lastKnownFileType = sourcecode.c.h; path = SDL_mouse.h; sourceTree = "<group>"; };
		7AC94FC71BF4A478002EA7EB /* SDL_mutex.h */ = {isa = PBXFileReference; fileEncoding = 4; lastKnownFileType = sourcecode.c.h; path = SDL_mutex.h; sourceTree = "<group>"; };
		7AC94FC81BF4A478002EA7EB /* SDL_name.h */ = {isa = PBXFileReference; fileEncoding = 4; lastKnownFileType = sourcecode.c.h; path = SDL_name.h; sourceTree = "<group>"; };
		7AC94FC91BF4A478002EA7EB /* SDL_opengl.h */ = {isa = PBXFileReference; fileEncoding = 4; lastKnownFileType = sourcecode.c.h; path = SDL_opengl.h; sourceTree = "<group>"; };
		7AC94FCA1BF4A478002EA7EB /* SDL_opengles.h */ = {isa = PBXFileReference; fileEncoding = 4; lastKnownFileType = sourcecode.c.h; path = SDL_opengles.h; sourceTree = "<group>"; };
		7AC94FCB1BF4A478002EA7EB /* SDL_opengles2.h */ = {isa = PBXFileReference; fileEncoding = 4; lastKnownFileType = sourcecode.c.h; path = SDL_opengles2.h; sourceTree = "<group>"; };
		7AC94FCC1BF4A478002EA7EB /* SDL_pixels.h */ = {isa = PBXFileReference; fileEncoding = 4; lastKnownFileType = sourcecode.c.h; path = SDL_pixels.h; sourceTree = "<group>"; };
		7AC94FCD1BF4A478002EA7EB /* SDL_platform.h */ = {isa = PBXFileReference; fileEncoding = 4; lastKnownFileType = sourcecode.c.h; path = SDL_platform.h; sourceTree = "<group>"; };
		7AC94FCE1BF4A478002EA7EB /* SDL_power.h */ = {isa = PBXFileReference; fileEncoding = 4; lastKnownFileType = sourcecode.c.h; path = SDL_power.h; sourceTree = "<group>"; };
		7AC94FCF1BF4A478002EA7EB /* SDL_quit.h */ = {isa = PBXFileReference; fileEncoding = 4; lastKnownFileType = sourcecode.c.h; path = SDL_quit.h; sourceTree = "<group>"; };
		7AC94FD01BF4A478002EA7EB /* SDL_rect.h */ = {isa = PBXFileReference; fileEncoding = 4; lastKnownFileType = sourcecode.c.h; path = SDL_rect.h; sourceTree = "<group>"; };
		7AC94FD11BF4A478002EA7EB /* SDL_render.h */ = {isa = PBXFileReference; fileEncoding = 4; lastKnownFileType = sourcecode.c.h; path = SDL_render.h; sourceTree = "<group>"; };
		7AC94FD21BF4A478002EA7EB /* SDL_revision.h */ = {isa = PBXFileReference; fileEncoding = 4; lastKnownFileType = sourcecode.c.h; path = SDL_revision.h; sourceTree = "<group>"; };
		7AC94FD31BF4A478002EA7EB /* SDL_rwops.h */ = {isa = PBXFileReference; fileEncoding = 4; lastKnownFileType = sourcecode.c.h; path = SDL_rwops.h; sourceTree = "<group>"; };
		7AC94FD41BF4A478002EA7EB /* SDL_scancode.h */ = {isa = PBXFileReference; fileEncoding = 4; lastKnownFileType = sourcecode.c.h; path = SDL_scancode.h; sourceTree = "<group>"; };
		7AC94FD51BF4A478002EA7EB /* SDL_shape.h */ = {isa = PBXFileReference; fileEncoding = 4; lastKnownFileType = sourcecode.c.h; path = SDL_shape.h; sourceTree = "<group>"; };
		7AC94FD61BF4A478002EA7EB /* SDL_stdinc.h */ = {isa = PBXFileReference; fileEncoding = 4; lastKnownFileType = sourcecode.c.h; path = SDL_stdinc.h; sourceTree = "<group>"; };
		7AC94FD71BF4A478002EA7EB /* SDL_surface.h */ = {isa = PBXFileReference; fileEncoding = 4; lastKnownFileType = sourcecode.c.h; path = SDL_surface.h; sourceTree = "<group>"; };
		7AC94FD81BF4A478002EA7EB /* SDL_system.h */ = {isa = PBXFileReference; fileEncoding = 4; lastKnownFileType = sourcecode.c.h; path = SDL_system.h; sourceTree = "<group>"; };
		7AC94FD91BF4A478002EA7EB /* SDL_syswm.h */ = {isa = PBXFileReference; fileEncoding = 4; lastKnownFileType = sourcecode.c.h; path = SDL_syswm.h; sourceTree = "<group>"; };
		7AC94FDA1BF4A478002EA7EB /* SDL_test_assert.h */ = {isa = PBXFileReference; fileEncoding = 4; lastKnownFileType = sourcecode.c.h; path = SDL_test_assert.h; sourceTree = "<group>"; };
		7AC94FDB1BF4A478002EA7EB /* SDL_test_common.h */ = {isa = PBXFileReference; fileEncoding = 4; lastKnownFileType = sourcecode.c.h; path = SDL_test_common.h; sourceTree = "<group>"; };
		7AC94FDC1BF4A478002EA7EB /* SDL_test_compare.h */ = {isa = PBXFileReference; fileEncoding = 4; lastKnownFileType = sourcecode.c.h; path = SDL_test_compare.h; sourceTree = "<group>"; };
		7AC94FDD1BF4A478002EA7EB /* SDL_test_crc32.h */ = {isa = PBXFileReference; fileEncoding = 4; lastKnownFileType = sourcecode.c.h; path = SDL_test_crc32.h; sourceTree = "<group>"; };
		7AC94FDE1BF4A478002EA7EB /* SDL_test_font.h */ = {isa = PBXFileReference; fileEncoding = 4; lastKnownFileType = sourcecode.c.h; path = SDL_test_font.h; sourceTree = "<group>"; };
		7AC94FDF1BF4A478002EA7EB /* SDL_test_fuzzer.h */ = {isa = PBXFileReference; fileEncoding = 4; lastKnownFileType = sourcecode.c.h; path = SDL_test_fuzzer.h; sourceTree = "<group>"; };
		7AC94FE01BF4A478002EA7EB /* SDL_test_harness.h */ = {isa = PBXFileReference; fileEncoding = 4; lastKnownFileType = sourcecode.c.h; path = SDL_test_harness.h; sourceTree = "<group>"; };
		7AC94FE11BF4A478002EA7EB /* SDL_test_images.h */ = {isa = PBXFileReference; fileEncoding = 4; lastKnownFileType = sourcecode.c.h; path = SDL_test_images.h; sourceTree = "<group>"; };
		7AC94FE21BF4A478002EA7EB /* SDL_test_log.h */ = {isa = PBXFileReference; fileEncoding = 4; lastKnownFileType = sourcecode.c.h; path = SDL_test_log.h; sourceTree = "<group>"; };
		7AC94FE31BF4A478002EA7EB /* SDL_test_md5.h */ = {isa = PBXFileReference; fileEncoding = 4; lastKnownFileType = sourcecode.c.h; path = SDL_test_md5.h; sourceTree = "<group>"; };
		7AC94FE41BF4A478002EA7EB /* SDL_test_random.h */ = {isa = PBXFileReference; fileEncoding = 4; lastKnownFileType = sourcecode.c.h; path = SDL_test_random.h; sourceTree = "<group>"; };
		7AC94FE51BF4A478002EA7EB /* SDL_test.h */ = {isa = PBXFileReference; fileEncoding = 4; lastKnownFileType = sourcecode.c.h; path = SDL_test.h; sourceTree = "<group>"; };
		7AC94FE61BF4A478002EA7EB /* SDL_thread.h */ = {isa = PBXFileReference; fileEncoding = 4; lastKnownFileType = sourcecode.c.h; path = SDL_thread.h; sourceTree = "<group>"; };
		7AC94FE71BF4A478002EA7EB /* SDL_timer.h */ = {isa = PBXFileReference; fileEncoding = 4; lastKnownFileType = sourcecode.c.h; path = SDL_timer.h; sourceTree = "<group>"; };
		7AC94FE81BF4A478002EA7EB /* SDL_touch.h */ = {isa = PBXFileReference; fileEncoding = 4; lastKnownFileType = sourcecode.c.h; path = SDL_touch.h; sourceTree = "<group>"; };
		7AC94FE91BF4A478002EA7EB /* SDL_types.h */ = {isa = PBXFileReference; fileEncoding = 4; lastKnownFileType = sourcecode.c.h; path = SDL_types.h; sourceTree = "<group>"; };
		7AC94FEA1BF4A478002EA7EB /* SDL_version.h */ = {isa = PBXFileReference; fileEncoding = 4; lastKnownFileType = sourcecode.c.h; path = SDL_version.h; sourceTree = "<group>"; };
		7AC94FEB1BF4A478002EA7EB /* SDL_video.h */ = {isa = PBXFileReference; fileEncoding = 4; lastKnownFileType = sourcecode.c.h; path = SDL_video.h; sourceTree = "<group>"; };
		7AC94FEC1BF4A478002EA7EB /* SDL.h */ = {isa = PBXFileReference; fileEncoding = 4; lastKnownFileType = sourcecode.c.h; path = SDL.h; sourceTree = "<group>"; };
		7AC94FF11BF4A4EA002EA7EB /* close_code.h */ = {isa = PBXFileReference; fileEncoding = 4; lastKnownFileType = sourcecode.c.h; path = close_code.h; sourceTree = "<group>"; };
		7AC94FF21BF4A4EA002EA7EB /* doxyfile */ = {isa = PBXFileReference; fileEncoding = 4; lastKnownFileType = text; path = doxyfile; sourceTree = "<group>"; };
		7AC94FF31BF4A4EA002EA7EB /* SDL_assert.h */ = {isa = PBXFileReference; fileEncoding = 4; lastKnownFileType = sourcecode.c.h; path = SDL_assert.h; sourceTree = "<group>"; };
		7AC94FF41BF4A4EA002EA7EB /* SDL_atomic.h */ = {isa = PBXFileReference; fileEncoding = 4; lastKnownFileType = sourcecode.c.h; path = SDL_atomic.h; sourceTree = "<group>"; };
		7AC94FF51BF4A4EA002EA7EB /* SDL_audio.h */ = {isa = PBXFileReference; fileEncoding = 4; lastKnownFileType = sourcecode.c.h; path = SDL_audio.h; sourceTree = "<group>"; };
		7AC94FF61BF4A4EA002EA7EB /* SDL_bits.h */ = {isa = PBXFileReference; fileEncoding = 4; lastKnownFileType = sourcecode.c.h; path = SDL_bits.h; sourceTree = "<group>"; };
		7AC94FF71BF4A4EA002EA7EB /* SDL_blendmode.h */ = {isa = PBXFileReference; fileEncoding = 4; lastKnownFileType = sourcecode.c.h; path = SDL_blendmode.h; sourceTree = "<group>"; };
		7AC94FF81BF4A4EA002EA7EB /* SDL_clipboard.h */ = {isa = PBXFileReference; fileEncoding = 4; lastKnownFileType = sourcecode.c.h; path = SDL_clipboard.h; sourceTree = "<group>"; };
		7AC94FF91BF4A4EA002EA7EB /* SDL_config_android.h */ = {isa = PBXFileReference; fileEncoding = 4; lastKnownFileType = sourcecode.c.h; path = SDL_config_android.h; sourceTree = "<group>"; };
		7AC94FFA1BF4A4EA002EA7EB /* SDL_config_iphoneos.h */ = {isa = PBXFileReference; fileEncoding = 4; lastKnownFileType = sourcecode.c.h; path = SDL_config_iphoneos.h; sourceTree = "<group>"; };
		7AC94FFB1BF4A4EA002EA7EB /* SDL_config_macosx.h */ = {isa = PBXFileReference; fileEncoding = 4; lastKnownFileType = sourcecode.c.h; path = SDL_config_macosx.h; sourceTree = "<group>"; };
		7AC94FFC1BF4A4EA002EA7EB /* SDL_config_minimal.h */ = {isa = PBXFileReference; fileEncoding = 4; lastKnownFileType = sourcecode.c.h; path = SDL_config_minimal.h; sourceTree = "<group>"; };
		7AC94FFD1BF4A4EA002EA7EB /* SDL_config_pandora.h */ = {isa = PBXFileReference; fileEncoding = 4; lastKnownFileType = sourcecode.c.h; path = SDL_config_pandora.h; sourceTree = "<group>"; };
		7AC94FFE1BF4A4EA002EA7EB /* SDL_config_psp.h */ = {isa = PBXFileReference; fileEncoding = 4; lastKnownFileType = sourcecode.c.h; path = SDL_config_psp.h; sourceTree = "<group>"; };
		7AC94FFF1BF4A4EA002EA7EB /* SDL_config_windows.h */ = {isa = PBXFileReference; fileEncoding = 4; lastKnownFileType = sourcecode.c.h; path = SDL_config_windows.h; sourceTree = "<group>"; };
		7AC950001BF4A4EA002EA7EB /* SDL_config_winrt.h */ = {isa = PBXFileReference; fileEncoding = 4; lastKnownFileType = sourcecode.c.h; path = SDL_config_winrt.h; sourceTree = "<group>"; };
		7AC950011BF4A4EA002EA7EB /* SDL_config_wiz.h */ = {isa = PBXFileReference; fileEncoding = 4; lastKnownFileType = sourcecode.c.h; path = SDL_config_wiz.h; sourceTree = "<group>"; };
		7AC950021BF4A4EA002EA7EB /* SDL_config.h */ = {isa = PBXFileReference; fileEncoding = 4; lastKnownFileType = sourcecode.c.h; path = SDL_config.h; sourceTree = "<group>"; };
		7AC950031BF4A4EA002EA7EB /* SDL_config.h.cmake */ = {isa = PBXFileReference; fileEncoding = 4; lastKnownFileType = text; path = SDL_config.h.cmake; sourceTree = "<group>"; };
		7AC950041BF4A4EA002EA7EB /* SDL_config.h.in */ = {isa = PBXFileReference; fileEncoding = 4; lastKnownFileType = text; path = SDL_config.h.in; sourceTree = "<group>"; };
		7AC950051BF4A4EA002EA7EB /* SDL_copying.h */ = {isa = PBXFileReference; fileEncoding = 4; lastKnownFileType = sourcecode.c.h; path = SDL_copying.h; sourceTree = "<group>"; };
		7AC950061BF4A4EA002EA7EB /* SDL_cpuinfo.h */ = {isa = PBXFileReference; fileEncoding = 4; lastKnownFileType = sourcecode.c.h; path = SDL_cpuinfo.h; sourceTree = "<group>"; };
		7AC950071BF4A4EA002EA7EB /* SDL_egl.h */ = {isa = PBXFileReference; fileEncoding = 4; lastKnownFileType = sourcecode.c.h; path = SDL_egl.h; sourceTree = "<group>"; };
		7AC950081BF4A4EA002EA7EB /* SDL_endian.h */ = {isa = PBXFileReference; fileEncoding = 4; lastKnownFileType = sourcecode.c.h; path = SDL_endian.h; sourceTree = "<group>"; };
		7AC950091BF4A4EA002EA7EB /* SDL_error.h */ = {isa = PBXFileReference; fileEncoding = 4; lastKnownFileType = sourcecode.c.h; path = SDL_error.h; sourceTree = "<group>"; };
		7AC9500A1BF4A4EA002EA7EB /* SDL_events.h */ = {isa = PBXFileReference; fileEncoding = 4; lastKnownFileType = sourcecode.c.h; path = SDL_events.h; sourceTree = "<group>"; };
		7AC9500B1BF4A4EA002EA7EB /* SDL_filesystem.h */ = {isa = PBXFileReference; fileEncoding = 4; lastKnownFileType = sourcecode.c.h; path = SDL_filesystem.h; sourceTree = "<group>"; };
		7AC9500C1BF4A4EA002EA7EB /* SDL_gamecontroller.h */ = {isa = PBXFileReference; fileEncoding = 4; lastKnownFileType = sourcecode.c.h; path = SDL_gamecontroller.h; sourceTree = "<group>"; };
		7AC9500D1BF4A4EA002EA7EB /* SDL_gesture.h */ = {isa = PBXFileReference; fileEncoding = 4; lastKnownFileType = sourcecode.c.h; path = SDL_gesture.h; sourceTree = "<group>"; };
		7AC9500E1BF4A4EA002EA7EB /* SDL_haptic.h */ = {isa = PBXFileReference; fileEncoding = 4; lastKnownFileType = sourcecode.c.h; path = SDL_haptic.h; sourceTree = "<group>"; };
		7AC9500F1BF4A4EA002EA7EB /* SDL_hints.h */ = {isa = PBXFileReference; fileEncoding = 4; lastKnownFileType = sourcecode.c.h; path = SDL_hints.h; sourceTree = "<group>"; };
		7AC950101BF4A4EA002EA7EB /* SDL_joystick.h */ = {isa = PBXFileReference; fileEncoding = 4; lastKnownFileType = sourcecode.c.h; path = SDL_joystick.h; sourceTree = "<group>"; };
		7AC950111BF4A4EA002EA7EB /* SDL_keyboard.h */ = {isa = PBXFileReference; fileEncoding = 4; lastKnownFileType = sourcecode.c.h; path = SDL_keyboard.h; sourceTree = "<group>"; };
		7AC950121BF4A4EA002EA7EB /* SDL_keycode.h */ = {isa = PBXFileReference; fileEncoding = 4; lastKnownFileType = sourcecode.c.h; path = SDL_keycode.h; sourceTree = "<group>"; };
		7AC950131BF4A4EA002EA7EB /* SDL_loadso.h */ = {isa = PBXFileReference; fileEncoding = 4; lastKnownFileType = sourcecode.c.h; path = SDL_loadso.h; sourceTree = "<group>"; };
		7AC950141BF4A4EA002EA7EB /* SDL_log.h */ = {isa = PBXFileReference; fileEncoding = 4; lastKnownFileType = sourcecode.c.h; path = SDL_log.h; sourceTree = "<group>"; };
		7AC950151BF4A4EA002EA7EB /* SDL_main.h */ = {isa = PBXFileReference; fileEncoding = 4; lastKnownFileType = sourcecode.c.h; path = SDL_main.h; sourceTree = "<group>"; };
		7AC950161BF4A4EA002EA7EB /* SDL_messagebox.h */ = {isa = PBXFileReference; fileEncoding = 4; lastKnownFileType = sourcecode.c.h; path = SDL_messagebox.h; sourceTree = "<group>"; };
		7AC950171BF4A4EA002EA7EB /* SDL_mouse.h */ = {isa = PBXFileReference; fileEncoding = 4; lastKnownFileType = sourcecode.c.h; path = SDL_mouse.h; sourceTree = "<group>"; };
		7AC950181BF4A4EA002EA7EB /* SDL_mutex.h */ = {isa = PBXFileReference; fileEncoding = 4; lastKnownFileType = sourcecode.c.h; path = SDL_mutex.h; sourceTree = "<group>"; };
		7AC950191BF4A4EA002EA7EB /* SDL_name.h */ = {isa = PBXFileReference; fileEncoding = 4; lastKnownFileType = sourcecode.c.h; path = SDL_name.h; sourceTree = "<group>"; };
		7AC9501A1BF4A4EA002EA7EB /* SDL_opengl.h */ = {isa = PBXFileReference; fileEncoding = 4; lastKnownFileType = sourcecode.c.h; path = SDL_opengl.h; sourceTree = "<group>"; };
		7AC9501B1BF4A4EA002EA7EB /* SDL_opengles.h */ = {isa = PBXFileReference; fileEncoding = 4; lastKnownFileType = sourcecode.c.h; path = SDL_opengles.h; sourceTree = "<group>"; };
		7AC9501C1BF4A4EA002EA7EB /* SDL_opengles2.h */ = {isa = PBXFileReference; fileEncoding = 4; lastKnownFileType = sourcecode.c.h; path = SDL_opengles2.h; sourceTree = "<group>"; };
		7AC9501D1BF4A4EA002EA7EB /* SDL_pixels.h */ = {isa = PBXFileReference; fileEncoding = 4; lastKnownFileType = sourcecode.c.h; path = SDL_pixels.h; sourceTree = "<group>"; };
		7AC9501E1BF4A4EA002EA7EB /* SDL_platform.h */ = {isa = PBXFileReference; fileEncoding = 4; lastKnownFileType = sourcecode.c.h; path = SDL_platform.h; sourceTree = "<group>"; };
		7AC9501F1BF4A4EA002EA7EB /* SDL_power.h */ = {isa = PBXFileReference; fileEncoding = 4; lastKnownFileType = sourcecode.c.h; path = SDL_power.h; sourceTree = "<group>"; };
		7AC950201BF4A4EA002EA7EB /* SDL_quit.h */ = {isa = PBXFileReference; fileEncoding = 4; lastKnownFileType = sourcecode.c.h; path = SDL_quit.h; sourceTree = "<group>"; };
		7AC950211BF4A4EA002EA7EB /* SDL_rect.h */ = {isa = PBXFileReference; fileEncoding = 4; lastKnownFileType = sourcecode.c.h; path = SDL_rect.h; sourceTree = "<group>"; };
		7AC950221BF4A4EA002EA7EB /* SDL_render.h */ = {isa = PBXFileReference; fileEncoding = 4; lastKnownFileType = sourcecode.c.h; path = SDL_render.h; sourceTree = "<group>"; };
		7AC950231BF4A4EA002EA7EB /* SDL_revision.h */ = {isa = PBXFileReference; fileEncoding = 4; lastKnownFileType = sourcecode.c.h; path = SDL_revision.h; sourceTree = "<group>"; };
		7AC950241BF4A4EA002EA7EB /* SDL_rwops.h */ = {isa = PBXFileReference; fileEncoding = 4; lastKnownFileType = sourcecode.c.h; path = SDL_rwops.h; sourceTree = "<group>"; };
		7AC950251BF4A4EA002EA7EB /* SDL_scancode.h */ = {isa = PBXFileReference; fileEncoding = 4; lastKnownFileType = sourcecode.c.h; path = SDL_scancode.h; sourceTree = "<group>"; };
		7AC950261BF4A4EA002EA7EB /* SDL_shape.h */ = {isa = PBXFileReference; fileEncoding = 4; lastKnownFileType = sourcecode.c.h; path = SDL_shape.h; sourceTree = "<group>"; };
		7AC950271BF4A4EA002EA7EB /* SDL_stdinc.h */ = {isa = PBXFileReference; fileEncoding = 4; lastKnownFileType = sourcecode.c.h; path = SDL_stdinc.h; sourceTree = "<group>"; };
		7AC950281BF4A4EA002EA7EB /* SDL_surface.h */ = {isa = PBXFileReference; fileEncoding = 4; lastKnownFileType = sourcecode.c.h; path = SDL_surface.h; sourceTree = "<group>"; };
		7AC950291BF4A4EA002EA7EB /* SDL_system.h */ = {isa = PBXFileReference; fileEncoding = 4; lastKnownFileType = sourcecode.c.h; path = SDL_system.h; sourceTree = "<group>"; };
		7AC9502A1BF4A4EA002EA7EB /* SDL_syswm.h */ = {isa = PBXFileReference; fileEncoding = 4; lastKnownFileType = sourcecode.c.h; path = SDL_syswm.h; sourceTree = "<group>"; };
		7AC9502B1BF4A4EA002EA7EB /* SDL_test_assert.h */ = {isa = PBXFileReference; fileEncoding = 4; lastKnownFileType = sourcecode.c.h; path = SDL_test_assert.h; sourceTree = "<group>"; };
		7AC9502C1BF4A4EA002EA7EB /* SDL_test_common.h */ = {isa = PBXFileReference; fileEncoding = 4; lastKnownFileType = sourcecode.c.h; path = SDL_test_common.h; sourceTree = "<group>"; };
		7AC9502D1BF4A4EA002EA7EB /* SDL_test_compare.h */ = {isa = PBXFileReference; fileEncoding = 4; lastKnownFileType = sourcecode.c.h; path = SDL_test_compare.h; sourceTree = "<group>"; };
		7AC9502E1BF4A4EA002EA7EB /* SDL_test_crc32.h */ = {isa = PBXFileReference; fileEncoding = 4; lastKnownFileType = sourcecode.c.h; path = SDL_test_crc32.h; sourceTree = "<group>"; };
		7AC9502F1BF4A4EA002EA7EB /* SDL_test_font.h */ = {isa = PBXFileReference; fileEncoding = 4; lastKnownFileType = sourcecode.c.h; path = SDL_test_font.h; sourceTree = "<group>"; };
		7AC950301BF4A4EA002EA7EB /* SDL_test_fuzzer.h */ = {isa = PBXFileReference; fileEncoding = 4; lastKnownFileType = sourcecode.c.h; path = SDL_test_fuzzer.h; sourceTree = "<group>"; };
		7AC950311BF4A4EA002EA7EB /* SDL_test_harness.h */ = {isa = PBXFileReference; fileEncoding = 4; lastKnownFileType = sourcecode.c.h; path = SDL_test_harness.h; sourceTree = "<group>"; };
		7AC950321BF4A4EA002EA7EB /* SDL_test_images.h */ = {isa = PBXFileReference; fileEncoding = 4; lastKnownFileType = sourcecode.c.h; path = SDL_test_images.h; sourceTree = "<group>"; };
		7AC950331BF4A4EA002EA7EB /* SDL_test_log.h */ = {isa = PBXFileReference; fileEncoding = 4; lastKnownFileType = sourcecode.c.h; path = SDL_test_log.h; sourceTree = "<group>"; };
		7AC950341BF4A4EA002EA7EB /* SDL_test_md5.h */ = {isa = PBXFileReference; fileEncoding = 4; lastKnownFileType = sourcecode.c.h; path = SDL_test_md5.h; sourceTree = "<group>"; };
		7AC950351BF4A4EA002EA7EB /* SDL_test_random.h */ = {isa = PBXFileReference; fileEncoding = 4; lastKnownFileType = sourcecode.c.h; path = SDL_test_random.h; sourceTree = "<group>"; };
		7AC950361BF4A4EA002EA7EB /* SDL_test.h */ = {isa = PBXFileReference; fileEncoding = 4; lastKnownFileType = sourcecode.c.h; path = SDL_test.h; sourceTree = "<group>"; };
		7AC950371BF4A4EA002EA7EB /* SDL_thread.h */ = {isa = PBXFileReference; fileEncoding = 4; lastKnownFileType = sourcecode.c.h; path = SDL_thread.h; sourceTree = "<group>"; };
		7AC950381BF4A4EA002EA7EB /* SDL_timer.h */ = {isa = PBXFileReference; fileEncoding = 4; lastKnownFileType = sourcecode.c.h; path = SDL_timer.h; sourceTree = "<group>"; };
		7AC950391BF4A4EA002EA7EB /* SDL_touch.h */ = {isa = PBXFileReference; fileEncoding = 4; lastKnownFileType = sourcecode.c.h; path = SDL_touch.h; sourceTree = "<group>"; };
		7AC9503A1BF4A4EA002EA7EB /* SDL_types.h */ = {isa = PBXFileReference; fileEncoding = 4; lastKnownFileType = sourcecode.c.h; path = SDL_types.h; sourceTree = "<group>"; };
		7AC9503B1BF4A4EA002EA7EB /* SDL_version.h */ = {isa = PBXFileReference; fileEncoding = 4; lastKnownFileType = sourcecode.c.h; path = SDL_version.h; sourceTree = "<group>"; };
		7AC9503C1BF4A4EA002EA7EB /* SDL_video.h */ = {isa = PBXFileReference; fileEncoding = 4; lastKnownFileType = sourcecode.c.h; path = SDL_video.h; sourceTree = "<group>"; };
		7AC9503D1BF4A4EA002EA7EB /* SDL.h */ = {isa = PBXFileReference; fileEncoding = 4; lastKnownFileType = sourcecode.c.h; path = SDL.h; sourceTree = "<group>"; };
		7AEC19991C10371A002CE4FB /* libSDL2-aarch64.a */ = {isa = PBXFileReference; lastKnownFileType = archive.ar; name = "libSDL2-aarch64.a"; path = "SDL/lib/libSDL2-aarch64.a"; sourceTree = SOURCE_ROOT; };
		7AEC199A1C10371A002CE4FB /* libSDL2-arm.a */ = {isa = PBXFileReference; lastKnownFileType = archive.ar; name = "libSDL2-arm.a"; path = "SDL/lib/libSDL2-arm.a"; sourceTree = SOURCE_ROOT; };
		7AEC199B1C10371A002CE4FB /* libSDL2-i386.a */ = {isa = PBXFileReference; lastKnownFileType = archive.ar; name = "libSDL2-i386.a"; path = "SDL/lib/libSDL2-i386.a"; sourceTree = SOURCE_ROOT; };
		8D1107310486CEB800E47090 /* Info.plist */ = {isa = PBXFileReference; fileEncoding = 4; lastKnownFileType = text.plist.xml; path = Info.plist; sourceTree = "<group>"; };
		FD779EDD0E26BA1200F39101 /* CoreAudio.framework */ = {isa = PBXFileReference; lastKnownFileType = wrapper.framework; name = CoreAudio.framework; path = System/Library/Frameworks/CoreAudio.framework; sourceTree = SDKROOT; };
		FD77A07C0E26BD8C00F39101 /* Icon.png */ = {isa = PBXFileReference; lastKnownFileType = image.png; path = Icon.png; sourceTree = "<group>"; };
		FD77A07E0E26BDA900F39101 /* Default.png */ = {isa = PBXFileReference; lastKnownFileType = image.png; path = Default.png; sourceTree = "<group>"; };
		FD77A0840E26BDB800F39101 /* AudioToolbox.framework */ = {isa = PBXFileReference; lastKnownFileType = wrapper.framework; name = AudioToolbox.framework; path = System/Library/Frameworks/AudioToolbox.framework; sourceTree = SDKROOT; };
		FD77A09C0E26BDE500F39101 /* main.c */ = {isa = PBXFileReference; fileEncoding = 4; lastKnownFileType = sourcecode.c.c; path = main.c; sourceTree = "<group>"; };
		FDB8BFC50E5A0F6A00980157 /* CoreGraphics.framework */ = {isa = PBXFileReference; lastKnownFileType = wrapper.framework; name = CoreGraphics.framework; path = System/Library/Frameworks/CoreGraphics.framework; sourceTree = SDKROOT; };
/* End PBXFileReference section */

/* Begin PBXFrameworksBuildPhase section */
		1D60588F0D05DD3D006BFB54 /* Frameworks */ = {
			isa = PBXFrameworksBuildPhase;
			buildActionMask = 2147483647;
			files = (
				7A923FF31C1049AA0030293E /* libHXNetworking-arm.a in Frameworks */,
				7AEC199D1C10371A002CE4FB /* libSDL2-arm.a in Frameworks */,
				7AEC199C1C10371A002CE4FB /* libSDL2-aarch64.a in Frameworks */,
				7AEC199E1C10371A002CE4FB /* libSDL2-i386.a in Frameworks */,
				1D60589F0D05DD5A006BFB54 /* Foundation.framework in Frameworks */,
				1DF5F4E00D08C38300B7A737 /* UIKit.framework in Frameworks */,
				28FD15000DC6FC520079059D /* OpenGLES.framework in Frameworks */,
				7A923FF81C11E0F10030293E /* libHXNetworking-i386.a in Frameworks */,
				28FD15080DC6FC5B0079059D /* QuartzCore.framework in Frameworks */,
				FD779EDE0E26BA1200F39101 /* CoreAudio.framework in Frameworks */,
				FD77A0850E26BDB800F39101 /* AudioToolbox.framework in Frameworks */,
				FDB8BFC60E5A0F6A00980157 /* CoreGraphics.framework in Frameworks */,
			);
			runOnlyForDeploymentPostprocessing = 0;
		};
/* End PBXFrameworksBuildPhase section */

/* Begin PBXGroup section */
		0097E29812F70C4D00724AC5 /* SDL */ = {
			isa = PBXGroup;
			children = (
				0097E29912F70C4D00724AC5 /* include */,
				0097E2D412F70C4D00724AC5 /* lib */,
			);
			path = SDL;
			sourceTree = "<group>";
		};
		0097E29912F70C4D00724AC5 /* include */ = {
			isa = PBXGroup;
			children = (
				7AC94F9F1BF4A478002EA7EB /* begin_code.h */,
				7AC94FF11BF4A4EA002EA7EB /* close_code.h */,
				7AC94FF21BF4A4EA002EA7EB /* doxyfile */,
				7AC94FF31BF4A4EA002EA7EB /* SDL_assert.h */,
				7AC94FF41BF4A4EA002EA7EB /* SDL_atomic.h */,
				7AC94FF51BF4A4EA002EA7EB /* SDL_audio.h */,
				7AC94FF61BF4A4EA002EA7EB /* SDL_bits.h */,
				7AC94FF71BF4A4EA002EA7EB /* SDL_blendmode.h */,
				7AC94FF81BF4A4EA002EA7EB /* SDL_clipboard.h */,
				7AC94FF91BF4A4EA002EA7EB /* SDL_config_android.h */,
				7AC94FFA1BF4A4EA002EA7EB /* SDL_config_iphoneos.h */,
				7AC94FFB1BF4A4EA002EA7EB /* SDL_config_macosx.h */,
				7AC94FFC1BF4A4EA002EA7EB /* SDL_config_minimal.h */,
				7AC94FFD1BF4A4EA002EA7EB /* SDL_config_pandora.h */,
				7AC94FFE1BF4A4EA002EA7EB /* SDL_config_psp.h */,
				7AC94FFF1BF4A4EA002EA7EB /* SDL_config_windows.h */,
				7AC950001BF4A4EA002EA7EB /* SDL_config_winrt.h */,
				7AC950011BF4A4EA002EA7EB /* SDL_config_wiz.h */,
				7AC950021BF4A4EA002EA7EB /* SDL_config.h */,
				7AC950031BF4A4EA002EA7EB /* SDL_config.h.cmake */,
				7AC950041BF4A4EA002EA7EB /* SDL_config.h.in */,
				7AC950051BF4A4EA002EA7EB /* SDL_copying.h */,
				7AC950061BF4A4EA002EA7EB /* SDL_cpuinfo.h */,
				7AC950071BF4A4EA002EA7EB /* SDL_egl.h */,
				7AC950081BF4A4EA002EA7EB /* SDL_endian.h */,
				7AC950091BF4A4EA002EA7EB /* SDL_error.h */,
				7AC9500A1BF4A4EA002EA7EB /* SDL_events.h */,
				7AC9500B1BF4A4EA002EA7EB /* SDL_filesystem.h */,
				7AC9500C1BF4A4EA002EA7EB /* SDL_gamecontroller.h */,
				7AC9500D1BF4A4EA002EA7EB /* SDL_gesture.h */,
				7AC9500E1BF4A4EA002EA7EB /* SDL_haptic.h */,
				7AC9500F1BF4A4EA002EA7EB /* SDL_hints.h */,
				7AC950101BF4A4EA002EA7EB /* SDL_joystick.h */,
				7AC950111BF4A4EA002EA7EB /* SDL_keyboard.h */,
				7AC950121BF4A4EA002EA7EB /* SDL_keycode.h */,
				7AC950131BF4A4EA002EA7EB /* SDL_loadso.h */,
				7AC950141BF4A4EA002EA7EB /* SDL_log.h */,
				7AC950151BF4A4EA002EA7EB /* SDL_main.h */,
				7AC950161BF4A4EA002EA7EB /* SDL_messagebox.h */,
				7AC950171BF4A4EA002EA7EB /* SDL_mouse.h */,
				7AC950181BF4A4EA002EA7EB /* SDL_mutex.h */,
				7AC950191BF4A4EA002EA7EB /* SDL_name.h */,
				7AC9501A1BF4A4EA002EA7EB /* SDL_opengl.h */,
				7AC9501B1BF4A4EA002EA7EB /* SDL_opengles.h */,
				7AC9501C1BF4A4EA002EA7EB /* SDL_opengles2.h */,
				7AC9501D1BF4A4EA002EA7EB /* SDL_pixels.h */,
				7AC9501E1BF4A4EA002EA7EB /* SDL_platform.h */,
				7AC9501F1BF4A4EA002EA7EB /* SDL_power.h */,
				7AC950201BF4A4EA002EA7EB /* SDL_quit.h */,
				7AC950211BF4A4EA002EA7EB /* SDL_rect.h */,
				7AC950221BF4A4EA002EA7EB /* SDL_render.h */,
				7AC950231BF4A4EA002EA7EB /* SDL_revision.h */,
				7AC950241BF4A4EA002EA7EB /* SDL_rwops.h */,
				7AC950251BF4A4EA002EA7EB /* SDL_scancode.h */,
				7AC950261BF4A4EA002EA7EB /* SDL_shape.h */,
				7AC950271BF4A4EA002EA7EB /* SDL_stdinc.h */,
				7AC950281BF4A4EA002EA7EB /* SDL_surface.h */,
				7AC950291BF4A4EA002EA7EB /* SDL_system.h */,
				7AC9502A1BF4A4EA002EA7EB /* SDL_syswm.h */,
				7AC9502B1BF4A4EA002EA7EB /* SDL_test_assert.h */,
				7AC9502C1BF4A4EA002EA7EB /* SDL_test_common.h */,
				7AC9502D1BF4A4EA002EA7EB /* SDL_test_compare.h */,
				7AC9502E1BF4A4EA002EA7EB /* SDL_test_crc32.h */,
				7AC9502F1BF4A4EA002EA7EB /* SDL_test_font.h */,
				7AC950301BF4A4EA002EA7EB /* SDL_test_fuzzer.h */,
				7AC950311BF4A4EA002EA7EB /* SDL_test_harness.h */,
				7AC950321BF4A4EA002EA7EB /* SDL_test_images.h */,
				7AC950331BF4A4EA002EA7EB /* SDL_test_log.h */,
				7AC950341BF4A4EA002EA7EB /* SDL_test_md5.h */,
				7AC950351BF4A4EA002EA7EB /* SDL_test_random.h */,
				7AC950361BF4A4EA002EA7EB /* SDL_test.h */,
				7AC950371BF4A4EA002EA7EB /* SDL_thread.h */,
				7AC950381BF4A4EA002EA7EB /* SDL_timer.h */,
				7AC950391BF4A4EA002EA7EB /* SDL_touch.h */,
				7AC9503A1BF4A4EA002EA7EB /* SDL_types.h */,
				7AC9503B1BF4A4EA002EA7EB /* SDL_version.h */,
				7AC9503C1BF4A4EA002EA7EB /* SDL_video.h */,
				7AC9503D1BF4A4EA002EA7EB /* SDL.h */,
				7AC94FA01BF4A478002EA7EB /* close_code.h */,
				7AC94FA11BF4A478002EA7EB /* doxyfile */,
				7AC94FA21BF4A478002EA7EB /* SDL_assert.h */,
				7AC94FA31BF4A478002EA7EB /* SDL_atomic.h */,
				7AC94FA41BF4A478002EA7EB /* SDL_audio.h */,
				7AC94FA51BF4A478002EA7EB /* SDL_bits.h */,
				7AC94FA61BF4A478002EA7EB /* SDL_blendmode.h */,
				7AC94FA71BF4A478002EA7EB /* SDL_clipboard.h */,
				7AC94FA81BF4A478002EA7EB /* SDL_config_android.h */,
				7AC94FA91BF4A478002EA7EB /* SDL_config_iphoneos.h */,
				7AC94FAA1BF4A478002EA7EB /* SDL_config_macosx.h */,
				7AC94FAB1BF4A478002EA7EB /* SDL_config_minimal.h */,
				7AC94FAC1BF4A478002EA7EB /* SDL_config_pandora.h */,
				7AC94FAD1BF4A478002EA7EB /* SDL_config_psp.h */,
				7AC94FAE1BF4A478002EA7EB /* SDL_config_windows.h */,
				7AC94FAF1BF4A478002EA7EB /* SDL_config_winrt.h */,
				7AC94FB01BF4A478002EA7EB /* SDL_config_wiz.h */,
				7AC94FB11BF4A478002EA7EB /* SDL_config.h */,
				7AC94FB21BF4A478002EA7EB /* SDL_config.h.cmake */,
				7AC94FB31BF4A478002EA7EB /* SDL_config.h.in */,
				7AC94FB41BF4A478002EA7EB /* SDL_copying.h */,
				7AC94FB51BF4A478002EA7EB /* SDL_cpuinfo.h */,
				7AC94FB61BF4A478002EA7EB /* SDL_egl.h */,
				7AC94FB71BF4A478002EA7EB /* SDL_endian.h */,
				7AC94FB81BF4A478002EA7EB /* SDL_error.h */,
				7AC94FB91BF4A478002EA7EB /* SDL_events.h */,
				7AC94FBA1BF4A478002EA7EB /* SDL_filesystem.h */,
				7AC94FBB1BF4A478002EA7EB /* SDL_gamecontroller.h */,
				7AC94FBC1BF4A478002EA7EB /* SDL_gesture.h */,
				7AC94FBD1BF4A478002EA7EB /* SDL_haptic.h */,
				7AC94FBE1BF4A478002EA7EB /* SDL_hints.h */,
				7AC94FBF1BF4A478002EA7EB /* SDL_joystick.h */,
				7AC94FC01BF4A478002EA7EB /* SDL_keyboard.h */,
				7AC94FC11BF4A478002EA7EB /* SDL_keycode.h */,
				7AC94FC21BF4A478002EA7EB /* SDL_loadso.h */,
				7AC94FC31BF4A478002EA7EB /* SDL_log.h */,
				7AC94FC41BF4A478002EA7EB /* SDL_main.h */,
				7AC94FC51BF4A478002EA7EB /* SDL_messagebox.h */,
				7AC94FC61BF4A478002EA7EB /* SDL_mouse.h */,
				7AC94FC71BF4A478002EA7EB /* SDL_mutex.h */,
				7AC94FC81BF4A478002EA7EB /* SDL_name.h */,
				7AC94FC91BF4A478002EA7EB /* SDL_opengl.h */,
				7AC94FCA1BF4A478002EA7EB /* SDL_opengles.h */,
				7AC94FCB1BF4A478002EA7EB /* SDL_opengles2.h */,
				7AC94FCC1BF4A478002EA7EB /* SDL_pixels.h */,
				7AC94FCD1BF4A478002EA7EB /* SDL_platform.h */,
				7AC94FCE1BF4A478002EA7EB /* SDL_power.h */,
				7AC94FCF1BF4A478002EA7EB /* SDL_quit.h */,
				7AC94FD01BF4A478002EA7EB /* SDL_rect.h */,
				7AC94FD11BF4A478002EA7EB /* SDL_render.h */,
				7AC94FD21BF4A478002EA7EB /* SDL_revision.h */,
				7AC94FD31BF4A478002EA7EB /* SDL_rwops.h */,
				7AC94FD41BF4A478002EA7EB /* SDL_scancode.h */,
				7AC94FD51BF4A478002EA7EB /* SDL_shape.h */,
				7AC94FD61BF4A478002EA7EB /* SDL_stdinc.h */,
				7AC94FD71BF4A478002EA7EB /* SDL_surface.h */,
				7AC94FD81BF4A478002EA7EB /* SDL_system.h */,
				7AC94FD91BF4A478002EA7EB /* SDL_syswm.h */,
				7AC94FDA1BF4A478002EA7EB /* SDL_test_assert.h */,
				7AC94FDB1BF4A478002EA7EB /* SDL_test_common.h */,
				7AC94FDC1BF4A478002EA7EB /* SDL_test_compare.h */,
				7AC94FDD1BF4A478002EA7EB /* SDL_test_crc32.h */,
				7AC94FDE1BF4A478002EA7EB /* SDL_test_font.h */,
				7AC94FDF1BF4A478002EA7EB /* SDL_test_fuzzer.h */,
				7AC94FE01BF4A478002EA7EB /* SDL_test_harness.h */,
				7AC94FE11BF4A478002EA7EB /* SDL_test_images.h */,
				7AC94FE21BF4A478002EA7EB /* SDL_test_log.h */,
				7AC94FE31BF4A478002EA7EB /* SDL_test_md5.h */,
				7AC94FE41BF4A478002EA7EB /* SDL_test_random.h */,
				7AC94FE51BF4A478002EA7EB /* SDL_test.h */,
				7AC94FE61BF4A478002EA7EB /* SDL_thread.h */,
				7AC94FE71BF4A478002EA7EB /* SDL_timer.h */,
				7AC94FE81BF4A478002EA7EB /* SDL_touch.h */,
				7AC94FE91BF4A478002EA7EB /* SDL_types.h */,
				7AC94FEA1BF4A478002EA7EB /* SDL_version.h */,
				7AC94FEB1BF4A478002EA7EB /* SDL_video.h */,
				7AC94FEC1BF4A478002EA7EB /* SDL.h */,
			);
			path = include;
			sourceTree = "<group>";
		};
		0097E2D412F70C4D00724AC5 /* lib */ = {
			isa = PBXGroup;
			children = (
				7AEC19991C10371A002CE4FB /* libSDL2-aarch64.a */,
				7AEC199A1C10371A002CE4FB /* libSDL2-arm.a */,
				7AEC199B1C10371A002CE4FB /* libSDL2-i386.a */,
			);
			name = lib;
			path = libs;
			sourceTree = "<group>";
		};
		19C28FACFE9D520D11CA2CBB /* Products */ = {
			isa = PBXGroup;
			children = (
				1D6058910D05DD3D006BFB54 /* ___PROJECTNAME___.app */,
			);
			name = Products;
			sourceTree = "<group>";
		};
		29B97314FDCFA39411CA2CEA /* CustomTemplate */ = {
			isa = PBXGroup;
			children = (
				7A923FF41C1049F30030293E /* HaskelliOS.xcconfig */,
				7A923FF11C10498F0030293E /* lib */,
				7A923FEF1C1039690030293E /* Default-568h@2x.png */,
				29B97315FDCFA39411CA2CEA /* Sources */,
				29B97317FDCFA39411CA2CEA /* Resources */,
				0097E29812F70C4D00724AC5 /* SDL */,
				29B97323FDCFA39411CA2CEA /* Frameworks */,
				19C28FACFE9D520D11CA2CBB /* Products */,
			);
			name = CustomTemplate;
			sourceTree = "<group>";
		};
		29B97315FDCFA39411CA2CEA /* Sources */ = {
			isa = PBXGroup;
			children = (
				FD77A09C0E26BDE500F39101 /* main.c */,
			);
			name = Sources;
			sourceTree = "<group>";
		};
		29B97317FDCFA39411CA2CEA /* Resources */ = {
			isa = PBXGroup;
			children = (
				FD77A07E0E26BDA900F39101 /* Default.png */,
				FD77A07C0E26BD8C00F39101 /* Icon.png */,
				8D1107310486CEB800E47090 /* Info.plist */,
			);
			name = Resources;
			sourceTree = "<group>";
		};
		29B97323FDCFA39411CA2CEA /* Frameworks */ = {
			isa = PBXGroup;
			children = (
				FDB8BFC50E5A0F6A00980157 /* CoreGraphics.framework */,
				FD77A0840E26BDB800F39101 /* AudioToolbox.framework */,
				FD779EDD0E26BA1200F39101 /* CoreAudio.framework */,
				28FD15070DC6FC5B0079059D /* QuartzCore.framework */,
				28FD14FF0DC6FC520079059D /* OpenGLES.framework */,
				1DF5F4DF0D08C38300B7A737 /* UIKit.framework */,
				1D30AB110D05D00D00671497 /* Foundation.framework */,
			);
			name = Frameworks;
			sourceTree = "<group>";
		};
		7A923FF11C10498F0030293E /* lib */ = {
			isa = PBXGroup;
			children = (
				7A923FF91C159ABF0030293E /* Main_stub.h */,
				7A923FF71C11E0F10030293E /* libHXNetworking-i386.a */,
				7A923FF21C1049AA0030293E /* libHXNetworking-arm.a */,
			);
			path = lib;
			sourceTree = "<group>";
		};
/* End PBXGroup section */

/* Begin PBXNativeTarget section */
		1D6058900D05DD3D006BFB54 /* ___PROJECTNAME___ */ = {
			isa = PBXNativeTarget;
			buildConfigurationList = 1D6058960D05DD3E006BFB54 /* Build configuration list for PBXNativeTarget "___PROJECTNAME___" */;
			buildPhases = (
				1D60588D0D05DD3D006BFB54 /* Resources */,
				1D60588E0D05DD3D006BFB54 /* Sources */,
				1D60588F0D05DD3D006BFB54 /* Frameworks */,
			);
			buildRules = (
			);
			dependencies = (
			);
			name = "___PROJECTNAME___";
			productName = "___PROJECTNAME___";
			productReference = 1D6058910D05DD3D006BFB54 /* ___PROJECTNAME___.app */;
			productType = "com.apple.product-type.application";
		};
/* End PBXNativeTarget section */

/* Begin PBXProject section */
		29B97313FDCFA39411CA2CEA /* Project object */ = {
			isa = PBXProject;
			attributes = {
				LastUpgradeCheck = 0710;
				TargetAttributes = {
					1D6058900D05DD3D006BFB54 = {
						DevelopmentTeam = ZCC7KUM4YW;
					};
				};
			};
			buildConfigurationList = C01FCF4E08A954540054247B /* Build configuration list for PBXProject "HXNetworking" */;
			compatibilityVersion = "Xcode 3.2";
			developmentRegion = English;
			hasScannedForEncodings = 1;
			knownRegions = (
				English,
				Japanese,
				French,
				German,
			);
			mainGroup = 29B97314FDCFA39411CA2CEA /* CustomTemplate */;
			projectDirPath = "";
			projectRoot = "";
			targets = (
				1D6058900D05DD3D006BFB54 /* ___PROJECTNAME___ */,
			);
		};
/* End PBXProject section */

/* Begin PBXResourcesBuildPhase section */
		1D60588D0D05DD3D006BFB54 /* Resources */ = {
			isa = PBXResourcesBuildPhase;
			buildActionMask = 2147483647;
			files = (
				7AC9503F1BF4A4EA002EA7EB /* SDL_config.h.cmake in Resources */,
				7A923FF51C1049F30030293E /* HaskelliOS.xcconfig in Resources */,
				FD77A07D0E26BD8C00F39101 /* Icon.png in Resources */,
				7AC950401BF4A4EA002EA7EB /* SDL_config.h.in in Resources */,
				FD77A07F0E26BDA900F39101 /* Default.png in Resources */,
				7AC9503E1BF4A4EA002EA7EB /* doxyfile in Resources */,
				7A923FF01C1039690030293E /* Default-568h@2x.png in Resources */,
			);
			runOnlyForDeploymentPostprocessing = 0;
		};
/* End PBXResourcesBuildPhase section */

/* Begin PBXSourcesBuildPhase section */
		1D60588E0D05DD3D006BFB54 /* Sources */ = {
			isa = PBXSourcesBuildPhase;
			buildActionMask = 2147483647;
			files = (
				FD77A09D0E26BDE500F39101 /* main.c in Sources */,
			);
			runOnlyForDeploymentPostprocessing = 0;
		};
/* End PBXSourcesBuildPhase section */

/* Begin XCBuildConfiguration section */
		1D6058940D05DD3E006BFB54 /* Debug */ = {
			isa = XCBuildConfiguration;
			buildSettings = {
				ALWAYS_SEARCH_USER_PATHS = NO;
				CODE_SIGN_IDENTITY = "iPhone Developer";
				"CODE_SIGN_IDENTITY[sdk=iphoneos*]" = "iPhone Developer";
				COPY_PHASE_STRIP = NO;
				GCC_DYNAMIC_NO_PIC = NO;
				GCC_OPTIMIZATION_LEVEL = 0;
				GCC_PRECOMPILE_PREFIX_HEADER = YES;
				GCC_PREFIX_HEADER = "";
				INFOPLIST_FILE = Info.plist;
				LIBRARY_SEARCH_PATHS = (
					"$(inherited)",
					"\"$(SRCROOT)/SDL/lib\"",
					"$(PROJECT_DIR)/SDL/lib",
					"$(PROJECT_DIR)/lib/arm",
					"$(PROJECT_DIR)/lib/i386",
				);
				PRODUCT_BUNDLE_IDENTIFIER = com.yourcompany.sdltest;
				PRODUCT_NAME = "___PROJECTNAME___";
				PROVISIONING_PROFILE = "";
			};
			name = Debug;
		};
		1D6058950D05DD3E006BFB54 /* Release */ = {
			isa = XCBuildConfiguration;
			buildSettings = {
				ALWAYS_SEARCH_USER_PATHS = NO;
				CODE_SIGN_IDENTITY = "iPhone Developer";
				"CODE_SIGN_IDENTITY[sdk=iphoneos*]" = "iPhone Developer";
				COPY_PHASE_STRIP = YES;
				GCC_PRECOMPILE_PREFIX_HEADER = YES;
				GCC_PREFIX_HEADER = "";
				INFOPLIST_FILE = Info.plist;
				LIBRARY_SEARCH_PATHS = (
					"$(inherited)",
					"\"$(SRCROOT)/SDL/lib\"",
					"$(PROJECT_DIR)/SDL/lib",
					"$(PROJECT_DIR)/lib/arm",
					"$(PROJECT_DIR)/lib/i386",
				);
				PRODUCT_BUNDLE_IDENTIFIER = com.yourcompany.sdltest;
				PRODUCT_NAME = "___PROJECTNAME___";
				PROVISIONING_PROFILE = "";
			};
			name = Release;
		};
		C01FCF4F08A954540054247B /* Debug */ = {
			isa = XCBuildConfiguration;
			baseConfigurationReference = 7A923FF41C1049F30030293E /* HaskelliOS.xcconfig */;
			buildSettings = {
				"CODE_SIGN_IDENTITY[sdk=iphoneos*]" = "iPhone Developer";
				ENABLE_TESTABILITY = YES;
				GCC_C_LANGUAGE_STANDARD = c99;
				GCC_WARN_ABOUT_RETURN_TYPE = YES;
				GCC_WARN_UNUSED_VARIABLE = YES;
				IPHONEOS_DEPLOYMENT_TARGET = 9.1;
				ONLY_ACTIVE_ARCH = YES;
				OTHER_CFLAGS = "";
				PREBINDING = NO;
				SDKROOT = iphoneos;
			};
			name = Debug;
		};
		C01FCF5008A954540054247B /* Release */ = {
			isa = XCBuildConfiguration;
			baseConfigurationReference = 7A923FF41C1049F30030293E /* HaskelliOS.xcconfig */;
			buildSettings = {
				"CODE_SIGN_IDENTITY[sdk=iphoneos*]" = "iPhone Developer";
				GCC_C_LANGUAGE_STANDARD = c99;
				GCC_WARN_ABOUT_RETURN_TYPE = YES;
				GCC_WARN_UNUSED_VARIABLE = YES;
				IPHONEOS_DEPLOYMENT_TARGET = 9.1;
				OTHER_CFLAGS = "";
				PREBINDING = NO;
				SDKROOT = iphoneos;
			};
			name = Release;
		};
/* End XCBuildConfiguration section */

/* Begin XCConfigurationList section */
		1D6058960D05DD3E006BFB54 /* Build configuration list for PBXNativeTarget "___PROJECTNAME___" */ = {
			isa = XCConfigurationList;
			buildConfigurations = (
				1D6058940D05DD3E006BFB54 /* Debug */,
				1D6058950D05DD3E006BFB54 /* Release */,
			);
			defaultConfigurationIsVisible = 0;
			defaultConfigurationName = Release;
		};
		C01FCF4E08A954540054247B /* Build configuration list for PBXProject "HXNetworking" */ = {
			isa = XCConfigurationList;
			buildConfigurations = (
				C01FCF4F08A954540054247B /* Debug */,
				C01FCF5008A954540054247B /* Release */,
			);
			defaultConfigurationIsVisible = 0;
			defaultConfigurationName = Release;
		};
/* End XCConfigurationList section */
	};
	rootObject = 29B97313FDCFA39411CA2CEA /* Project object */;
}
